
Microsoft Visual Studio Solution File, Format Version 12.00
# Visual Studio Version 17
VisualStudioVersion = 17.6.33815.320
MinimumVisualStudioVersion = 10.0.40219.1
Project("{FAE04EC0-301F-11D3-BF4B-00C04F79EFBC}") = "TheWarTimeGame", "TheWarTimeGame.csproj", "{243DDDD4-67B0-4CE1-9D26-CF924514E44D}"
EndProject
Project("{FAE04EC0-301F-11D3-BF4B-00C04F79EFBC}") = "TheWarGameUnitTesting", "..\TheWarGameUnitTesting\TheWarGameUnitTesting.csproj", "{4C4851C3-75A3-4E33-B81F-D43DB326BE1E}"
EndProject
Global
	GlobalSection(SolutionConfigurationPlatforms) = preSolution
		Debug|Any CPU = Debug|Any CPU
		Release|Any CPU = Release|Any CPU
	EndGlobalSection
	GlobalSection(ProjectConfigurationPlatforms) = postSolution
		{243DDDD4-67B0-4CE1-9D26-CF924514E44D}.Debug|Any CPU.ActiveCfg = Debug|Any CPU
		{243DDDD4-67B0-4CE1-9D26-CF924514E44D}.Debug|Any CPU.Build.0 = Debug|Any CPU
		{243DDDD4-67B0-4CE1-9D26-CF924514E44D}.Release|Any CPU.ActiveCfg = Release|Any CPU
		{243DDDD4-67B0-4CE1-9D26-CF924514E44D}.Release|Any CPU.Build.0 = Release|Any CPU
		{4C4851C3-75A3-4E33-B81F-D43DB326BE1E}.Debug|Any CPU.ActiveCfg = Debug|Any CPU
		{4C4851C3-75A3-4E33-B81F-D43DB326BE1E}.Debug|Any CPU.Build.0 = Debug|Any CPU
		{4C4851C3-75A3-4E33-B81F-D43DB326BE1E}.Release|Any CPU.ActiveCfg = Release|Any CPU
		{4C4851C3-75A3-4E33-B81F-D43DB326BE1E}.Release|Any CPU.Build.0 = Release|Any CPU
	EndGlobalSection
	GlobalSection(SolutionProperties) = preSolution
		HideSolutionNode = FALSE
	EndGlobalSection
	GlobalSection(ExtensibilityGlobals) = postSolution
		SolutionGuid = {180B225B-E68D-41E8-902D-AC5F236DA2F6}
	EndGlobalSection
EndGlobal
